lockfileVersion: '6.0'

settings:
  autoInstallPeers: true
  excludeLinksFromLockfile: false

devDependencies:
  '@types/dom-mediacapture-transform':
    specifier: ^0.1.9
    version: 0.1.9
  '@types/dom-webcodecs':
    specifier: ^0.1.10
    version: 0.1.10
  '@types/jquery':
    specifier: ^3.5.27
    version: 3.5.27
  audiodata2pcm:
    specifier: ^0.1.1
    version: 0.1.1
  moment:
    specifier: ^2.29.4
    version: 2.29.4
  typescript:
    specifier: ^5.2.2
    version: 5.2.2

packages:

  /@types/dom-mediacapture-transform@0.1.9:
    resolution: {integrity: sha512-/K96dASG23bqF+VAftybbI5SUj9qSsdsSKZglm7Bq/sIaEve5z8I+GdClARcSQMAAVkH7bc83UI1jiH/qc5LMw==}
    dependencies:
      '@types/dom-webcodecs': 0.1.10
    dev: true

  /@types/dom-webcodecs@0.1.10:
    resolution: {integrity: sha512-qQfLMw4yhtagKQApMQKaf21KZeJu3Psysbm/wLQ3mkpyBWY3x3dHCKFcYs43WEH+s8zgTSF0DvJUPWTtyZP0Dw==}
    dev: true

  /@types/jquery@3.5.27:
    resolution: {integrity: sha512-TR28Y8ezIGgfyA02UOh9x+Fy16/1qWYAnvtRd2gTBJuccX/vmddyti0MezLkTv7f+OLofVc2T961VPyKv1tXJQ==}
    dependencies:
      '@types/sizzle': 2.3.6
    dev: true

  /@types/sizzle@2.3.6:
    resolution: {integrity: sha512-m04Om5Gz6kbjUwAQ7XJJQ30OdEFsSmAVsvn4NYwcTRyMVpKKa1aPuESw1n2CxS5fYkOQv3nHgDKeNa8e76fUkw==}
    dev: true

  /audiodata2pcm@0.1.1:
    resolution: {integrity: sha512-jGvn5oAiJq1E0tnaccMeb0oMd927m4ozobff9SE/0uLXTSO9X60dY6rrUNkzp1lPHKViH3ZdWpFptAYsOEvlMg==}
    dev: true

  /moment@2.29.4:
    resolution: {integrity: sha512-5LC9SOxjSc2HF6vO2CyuTDNivEdoz2IvyJJGj6X8DJ0eFyfszE0QiEd+iXmBvUP3WHxSjFH/vIsA0EN00cgr8w==}
    dev: true

  /typescript@5.2.2:
    resolution: {integrity: sha512-mI4WrpHsbCIcwT9cF4FZvr80QUeKvsUsUvKDoR+X/7XHQH98xYD8YHZg7ANtz2GtZt/CBq2QJ0thkGJMHfqc1w==}
    engines: {node: '>=14.17'}
    hasBin: true
    dev: true
